Microsoft Visual Studio Solution File, Format Version 12.00
# Visual Studio 15
VisualStudioVersion = 15.0.26430.16
MinimumVisualStudioVersion = 15.0.26124.0
Project("{9A19103F-16F7-4668-BE54-9A1E7A4F7556}") = "GraphQL.Authorization", "GraphQL.Authorization\GraphQL.Authorization.csproj", "{21771B0C-0FCE-41DA-BF0B-67D70368BB00}"
EndProject
Project("{9A19103F-16F7-4668-BE54-9A1E7A4F7556}") = "GraphQL.Authorization.Tests", "GraphQL.Authorization.Tests\GraphQL.Authorization.Tests.csproj", "{C482F1AF-6E9D-4D1C-96D7-3C0206312B66}"
EndProject
Project("{9A19103F-16F7-4668-BE54-9A1E7A4F7556}") = "Harness", "Harness\Harness.csproj", "{DEA32495-F7AA-45F0-8AF6-DE4FB089994F}"
EndProject
Global
	GlobalSection(SolutionConfigurationPlatforms) = preSolution
		Debug|Any CPU = Debug|Any CPU
		Debug|x64 = Debug|x64
		Debug|x86 = Debug|x86
		Release|Any CPU = Release|Any CPU
		Release|x64 = Release|x64
		Release|x86 = Release|x86
	EndGlobalSection
	GlobalSection(ProjectConfigurationPlatforms) = postSolution
		{21771B0C-0FCE-41DA-BF0B-67D70368BB00}.Debug|Any CPU.ActiveCfg = Debug|Any CPU
		{21771B0C-0FCE-41DA-BF0B-67D70368BB00}.Debug|Any CPU.Build.0 = Debug|Any CPU
		{21771B0C-0FCE-41DA-BF0B-67D70368BB00}.Debug|x64.ActiveCfg = Debug|Any CPU
		{21771B0C-0FCE-41DA-BF0B-67D70368BB00}.Debug|x64.Build.0 = Debug|Any CPU
		{21771B0C-0FCE-41DA-BF0B-67D70368BB00}.Debug|x86.ActiveCfg = Debug|Any CPU
		{21771B0C-0FCE-41DA-BF0B-67D70368BB00}.Debug|x86.Build.0 = Debug|Any CPU
		{21771B0C-0FCE-41DA-BF0B-67D70368BB00}.Release|Any CPU.ActiveCfg = Release|Any CPU
		{21771B0C-0FCE-41DA-BF0B-67D70368BB00}.Release|Any CPU.Build.0 = Release|Any CPU
		{21771B0C-0FCE-41DA-BF0B-67D70368BB00}.Release|x64.ActiveCfg = Release|Any CPU
		{21771B0C-0FCE-41DA-BF0B-67D70368BB00}.Release|x64.Build.0 = Release|Any CPU
		{21771B0C-0FCE-41DA-BF0B-67D70368BB00}.Release|x86.ActiveCfg = Release|Any CPU
		{21771B0C-0FCE-41DA-BF0B-67D70368BB00}.Release|x86.Build.0 = Release|Any CPU
		{C482F1AF-6E9D-4D1C-96D7-3C0206312B66}.Debug|Any CPU.ActiveCfg = Debug|Any CPU
		{C482F1AF-6E9D-4D1C-96D7-3C0206312B66}.Debug|Any CPU.Build.0 = Debug|Any CPU
		{C482F1AF-6E9D-4D1C-96D7-3C0206312B66}.Debug|x64.ActiveCfg = Debug|Any CPU
		{C482F1AF-6E9D-4D1C-96D7-3C0206312B66}.Debug|x64.Build.0 = Debug|Any CPU
		{C482F1AF-6E9D-4D1C-96D7-3C0206312B66}.Debug|x86.ActiveCfg = Debug|Any CPU
		{C482F1AF-6E9D-4D1C-96D7-3C0206312B66}.Debug|x86.Build.0 = Debug|Any CPU
		{C482F1AF-6E9D-4D1C-96D7-3C0206312B66}.Release|Any CPU.ActiveCfg = Release|Any CPU
		{C482F1AF-6E9D-4D1C-96D7-3C0206312B66}.Release|Any CPU.Build.0 = Release|Any CPU
		{C482F1AF-6E9D-4D1C-96D7-3C0206312B66}.Release|x64.ActiveCfg = Release|Any CPU
		{C482F1AF-6E9D-4D1C-96D7-3C0206312B66}.Release|x64.Build.0 = Release|Any CPU
		{C482F1AF-6E9D-4D1C-96D7-3C0206312B66}.Release|x86.ActiveCfg = Release|Any CPU
		{C482F1AF-6E9D-4D1C-96D7-3C0206312B66}.Release|x86.Build.0 = Release|Any CPU
		{DEA32495-F7AA-45F0-8AF6-DE4FB089994F}.Debug|Any CPU.ActiveCfg = Debug|Any CPU
		{DEA32495-F7AA-45F0-8AF6-DE4FB089994F}.Debug|Any CPU.Build.0 = Debug|Any CPU
		{DEA32495-F7AA-45F0-8AF6-DE4FB089994F}.Debug|x64.ActiveCfg = Debug|Any CPU
		{DEA32495-F7AA-45F0-8AF6-DE4FB089994F}.Debug|x64.Build.0 = Debug|Any CPU
		{DEA32495-F7AA-45F0-8AF6-DE4FB089994F}.Debug|x86.ActiveCfg = Debug|Any CPU
		{DEA32495-F7AA-45F0-8AF6-DE4FB089994F}.Debug|x86.Build.0 = Debug|Any CPU
		{DEA32495-F7AA-45F0-8AF6-DE4FB089994F}.Release|Any CPU.ActiveCfg = Release|Any CPU
		{DEA32495-F7AA-45F0-8AF6-DE4FB089994F}.Release|Any CPU.Build.0 = Release|Any CPU
		{DEA32495-F7AA-45F0-8AF6-DE4FB089994F}.Release|x64.ActiveCfg = Release|Any CPU
		{DEA32495-F7AA-45F0-8AF6-DE4FB089994F}.Release|x64.Build.0 = Release|Any CPU
		{DEA32495-F7AA-45F0-8AF6-DE4FB089994F}.Release|x86.ActiveCfg = Release|Any CPU
		{DEA32495-F7AA-45F0-8AF6-DE4FB089994F}.Release|x86.Build.0 = Release|Any CPU
	EndGlobalSection
	GlobalSection(SolutionProperties) = preSolution
		HideSolutionNode = FALSE
	EndGlobalSection
	GlobalSection(ExtensibilityGlobals) = postSolution
		SolutionGuid = {2A995A17-B278-47E5-8FAC-32671A5C6A48}
	EndGlobalSection
EndGlobal
